
Microsoft Visual Studio Solution File, Format Version 12.00
# Visual Studio Version 16
VisualStudioVersion = 16.0.30907.101
MinimumVisualStudioVersion = 10.0.40219.1
Project("{FAE04EC0-301F-11D3-BF4B-00C04F79EFBC}") = "Server", "Server\Server.csproj", "{6E60995B-B1FB-4AD1-8439-EABFC4695B15}"
EndProject
Global
	GlobalSection(SolutionConfigurationPlatforms) = preSolution
		Debug|Any CPU = Debug|Any CPU
		Release|Any CPU = Release|Any CPU
	EndGlobalSection
	GlobalSection(ProjectConfigurationPlatforms) = postSolution
		{6E60995B-B1FB-4AD1-8439-EABFC4695B15}.Debug|Any CPU.ActiveCfg = Debug|Any CPU
		{6E60995B-B1FB-4AD1-8439-EABFC4695B15}.Debug|Any CPU.Build.0 = Debug|Any CPU
		{6E60995B-B1FB-4AD1-8439-EABFC4695B15}.Release|Any CPU.ActiveCfg = Release|Any CPU
		{6E60995B-B1FB-4AD1-8439-EABFC4695B15}.Release|Any CPU.Build.0 = Release|Any CPU
	EndGlobalSection
	GlobalSection(SolutionProperties) = preSolution
		HideSolutionNode = FALSE
	EndGlobalSection
	GlobalSection(ExtensibilityGlobals) = postSolution
		SolutionGuid = {84BCA38A-F0CE-4183-8CEB-2D4FE245A61B}
	EndGlobalSection
EndGlobal
